{
  "name": "eyrie-contracting-project",
  "lockfileVersion": 3,
  "requires": true,
  "packages": {
    "": {
      "dependencies": {
        "@sanity/image-url": "^2.1.1"
      }
    },
    "node_modules/@noble/ed25519": {
      "version": "3.0.1",
      "resolved": "https://registry.npmjs.org/@noble/ed25519/-/ed25519-3.0.1.tgz",
      "integrity": "sha512-t/T8LuK0ym8ALQudCCQCtrRdMSxBnRgHXw+wg+YsSlE6d+on7sX3flqlSJ2mOs9xEuchM36kj9SuX5MG7pXQMA==",
      "funding": {
        "url": "https://paulmillr.com/funding/"
      }
    },
    "node_modules/@noble/hashes": {
      "version": "2.0.1",
      "resolved": "https://registry.npmjs.org/@noble/hashes/-/hashes-2.0.1.tgz",
      "integrity": "sha512-XlOlEbQcE9fmuXxrVTXCTlG2nlRXa9Rj3rr5Ue/+tX+nmkgbX720YHh0VR3hBF9xDvwnb8D2shVGOwNx+ulArw==",
      "engines": {
        "node": ">= 20.19.0"
      },
      "funding": {
        "url": "https://paulmillr.com/funding/"
      }
    },
    "node_modules/@sanity/image-url": {
      "version": "2.1.1",
      "resolved": "https://registry.npmjs.org/@sanity/image-url/-/image-url-2.1.1.tgz",
      "integrity": "sha512-qVXsF1teWR6FO3ZFAz46HDcRU+E6EQkpyncPnkGOzeJ1PgnaOiWMVbiSrZtX10s3txzzu/tAjKwbxbGHfDWgGw==",
      "dependencies": {
        "@sanity/signed-urls": "^2.0.2"
      },
      "engines": {
        "node": ">=20.19.0"
      }
    },
    "node_modules/@sanity/signed-urls": {
      "version": "2.0.3",
      "resolved": "https://registry.npmjs.org/@sanity/signed-urls/-/signed-urls-2.0.3.tgz",
      "integrity": "sha512-Qgx2XPY+vVDyI7xk3cHCaJqmynznExao8Qoctd7JLdysv+AbqZH01B/+Ey3yovtssa33iqK6AidGG95ju+rxPQ==",
      "dependencies": {
        "@noble/ed25519": "^3.0.1",
        "@noble/hashes": "^2.0.1"
      }
    }
  }
}
